// !$*UTF8*$!
{
	archiveVersion = 1;
	classes = {
	};
	objectVersion = 55;
	objects = {

/* Begin PBXBuildFile section */
		CF3950DD26FCC6A600395EE5 /* AppDelegate.swift in Sources */ = {isa = PBXBuildFile; fileRef = CF3950DC26FCC6A600395EE5 /* AppDelegate.swift */; };
		CF3950DF26FCC6A600395EE5 /* SceneDelegate.swift in Sources */ = {isa = PBXBuildFile; fileRef = CF3950DE26FCC6A600395EE5 /* SceneDelegate.swift */; };
		CF3950E126FCC6A600395EE5 /* OnboardingViewController.swift in Sources */ = {isa = PBXBuildFile; fileRef = CF3950E026FCC6A600395EE5 /* OnboardingViewController.swift */; };
		CF3950E626FCC6A800395EE5 /* Assets.xcassets in Resources */ = {isa = PBXBuildFile; fileRef = CF3950E526FCC6A800395EE5 /* Assets.xcassets */; };
		CF3950E926FCC6A800395EE5 /* LaunchScreen.storyboard in Resources */ = {isa = PBXBuildFile; fileRef = CF3950E726FCC6A800395EE5 /* LaunchScreen.storyboard */; };
		CF3950F126FCC72B00395EE5 /* Coordinator.swift in Sources */ = {isa = PBXBuildFile; fileRef = CF3950F026FCC72B00395EE5 /* Coordinator.swift */; };
		CF3950F326FCCEDD00395EE5 /* LoginViewController.swift in Sources */ = {isa = PBXBuildFile; fileRef = CF3950F226FCCEDD00395EE5 /* LoginViewController.swift */; };
		CF3950F526FCCF0900395EE5 /* SignupController.swift in Sources */ = {isa = PBXBuildFile; fileRef = CF3950F426FCCF0900395EE5 /* SignupController.swift */; };
		CF3950F726FCD21D00395EE5 /* ViewsFactory.swift in Sources */ = {isa = PBXBuildFile; fileRef = CF3950F626FCD21D00395EE5 /* ViewsFactory.swift */; };
		CF39510526FE0E1400395EE5 /* NSLayoutConstraint+Extension.swift in Sources */ = {isa = PBXBuildFile; fileRef = CF39510426FE0E1400395EE5 /* NSLayoutConstraint+Extension.swift */; };
		CF39510826FE10D000395EE5 /* SignupView.swift in Sources */ = {isa = PBXBuildFile; fileRef = CF39510726FE10D000395EE5 /* SignupView.swift */; };
		CFB440752701AB9B0026B4FB /* CustomView.swift in Sources */ = {isa = PBXBuildFile; fileRef = CFB440742701AB9B0026B4FB /* CustomView.swift */; };
		CFB440792701B5870026B4FB /* CoordinatableViewControllerWithCustomView.swift in Sources */ = {isa = PBXBuildFile; fileRef = CFB440782701B5870026B4FB /* CoordinatableViewControllerWithCustomView.swift */; };
		CFB4407B2701C8280026B4FB /* LoginView.swift in Sources */ = {isa = PBXBuildFile; fileRef = CFB4407A2701C8280026B4FB /* LoginView.swift */; };
/* End PBXBuildFile section */

/* Begin PBXFileReference section */
		CF3950D926FCC6A600395EE5 /* Onboarding&Login.app */ = {isa = PBXFileReference; explicitFileType = wrapper.application; includeInIndex = 0; path = "Onboarding&Login.app"; sourceTree = BUILT_PRODUCTS_DIR; };
		CF3950DC26FCC6A600395EE5 /* AppDelegate.swift */ = {isa = PBXFileReference; lastKnownFileType = sourcecode.swift; path = AppDelegate.swift; sourceTree = "<group>"; };
		CF3950DE26FCC6A600395EE5 /* SceneDelegate.swift */ = {isa = PBXFileReference; lastKnownFileType = sourcecode.swift; path = SceneDelegate.swift; sourceTree = "<group>"; };
		CF3950E026FCC6A600395EE5 /* OnboardingViewController.swift */ = {isa = PBXFileReference; lastKnownFileType = sourcecode.swift; path = OnboardingViewController.swift; sourceTree = "<group>"; };
		CF3950E526FCC6A800395EE5 /* Assets.xcassets */ = {isa = PBXFileReference; lastKnownFileType = folder.assetcatalog; path = Assets.xcassets; sourceTree = "<group>"; };
		CF3950E826FCC6A800395EE5 /* Base */ = {isa = PBXFileReference; lastKnownFileType = file.storyboard; name = Base; path = Base.lproj/LaunchScreen.storyboard; sourceTree = "<group>"; };
		CF3950EA26FCC6A800395EE5 /* Info.plist */ = {isa = PBXFileReference; lastKnownFileType = text.plist.xml; path = Info.plist; sourceTree = "<group>"; };
		CF3950F026FCC72B00395EE5 /* Coordinator.swift */ = {isa = PBXFileReference; lastKnownFileType = sourcecode.swift; path = Coordinator.swift; sourceTree = "<group>"; };
		CF3950F226FCCEDD00395EE5 /* LoginViewController.swift */ = {isa = PBXFileReference; lastKnownFileType = sourcecode.swift; path = LoginViewController.swift; sourceTree = "<group>"; };
		CF3950F426FCCF0900395EE5 /* SignupController.swift */ = {isa = PBXFileReference; lastKnownFileType = sourcecode.swift; path = SignupController.swift; sourceTree = "<group>"; };
		CF3950F626FCD21D00395EE5 /* ViewsFactory.swift */ = {isa = PBXFileReference; fileEncoding = 4; lastKnownFileType = sourcecode.swift; path = ViewsFactory.swift; sourceTree = "<group>"; };
		CF39510426FE0E1400395EE5 /* NSLayoutConstraint+Extension.swift */ = {isa = PBXFileReference; lastKnownFileType = sourcecode.swift; path = "NSLayoutConstraint+Extension.swift"; sourceTree = "<group>"; };
		CF39510726FE10D000395EE5 /* SignupView.swift */ = {isa = PBXFileReference; lastKnownFileType = sourcecode.swift; path = SignupView.swift; sourceTree = "<group>"; };
		CFB440742701AB9B0026B4FB /* CustomView.swift */ = {isa = PBXFileReference; lastKnownFileType = sourcecode.swift; path = CustomView.swift; sourceTree = "<group>"; };
		CFB440782701B5870026B4FB /* CoordinatableViewControllerWithCustomView.swift */ = {isa = PBXFileReference; lastKnownFileType = sourcecode.swift; path = CoordinatableViewControllerWithCustomView.swift; sourceTree = "<group>"; };
		CFB4407A2701C8280026B4FB /* LoginView.swift */ = {isa = PBXFileReference; lastKnownFileType = sourcecode.swift; path = LoginView.swift; sourceTree = "<group>"; };
/* End PBXFileReference section */

/* Begin PBXFrameworksBuildPhase section */
		CF3950D626FCC6A600395EE5 /* Frameworks */ = {
			isa = PBXFrameworksBuildPhase;
			buildActionMask = 2147483647;
			files = (
			);
			runOnlyForDeploymentPostprocessing = 0;
		};
/* End PBXFrameworksBuildPhase section */

/* Begin PBXGroup section */
		CF3950D026FCC6A600395EE5 = {
			isa = PBXGroup;
			children = (
				CF3950DB26FCC6A600395EE5 /* Onboarding&Login */,
				CF3950DA26FCC6A600395EE5 /* Products */,
			);
			sourceTree = "<group>";
		};
		CF3950DA26FCC6A600395EE5 /* Products */ = {
			isa = PBXGroup;
			children = (
				CF3950D926FCC6A600395EE5 /* Onboarding&Login.app */,
			);
			name = Products;
			sourceTree = "<group>";
		};
		CF3950DB26FCC6A600395EE5 /* Onboarding&Login */ = {
			isa = PBXGroup;
			children = (
				CF3950FB26FCD2A200395EE5 /* Model&Logic */,
				CF39510626FE109800395EE5 /* UIKit helpers */,
				CF3950FA26FCD28C00395EE5 /* Views */,
				CF3950F926FCD25200395EE5 /* Coordinators&ViewControllers */,
				CF3950DC26FCC6A600395EE5 /* AppDelegate.swift */,
				CF3950DE26FCC6A600395EE5 /* SceneDelegate.swift */,
				CF3950E526FCC6A800395EE5 /* Assets.xcassets */,
				CF3950E726FCC6A800395EE5 /* LaunchScreen.storyboard */,
				CF3950EA26FCC6A800395EE5 /* Info.plist */,
			);
			path = "Onboarding&Login";
			sourceTree = "<group>";
		};
		CF3950F826FCD22A00395EE5 /* ViewControllers */ = {
			isa = PBXGroup;
			children = (
				CF3950E026FCC6A600395EE5 /* OnboardingViewController.swift */,
				CF3950F426FCCF0900395EE5 /* SignupController.swift */,
				CFB440782701B5870026B4FB /* CoordinatableViewControllerWithCustomView.swift */,
				CF3950F226FCCEDD00395EE5 /* LoginViewController.swift */,
			);
			path = ViewControllers;
			sourceTree = "<group>";
		};
		CF3950F926FCD25200395EE5 /* Coordinators&ViewControllers */ = {
			isa = PBXGroup;
			children = (
				CF3950F026FCC72B00395EE5 /* Coordinator.swift */,
				CF3950F826FCD22A00395EE5 /* ViewControllers */,
			);
			path = "Coordinators&ViewControllers";
			sourceTree = "<group>";
		};
		CF3950FA26FCD28C00395EE5 /* Views */ = {
			isa = PBXGroup;
			children = (
				CFB440742701AB9B0026B4FB /* CustomView.swift */,
				CF39510726FE10D000395EE5 /* SignupView.swift */,
				CFB4407A2701C8280026B4FB /* LoginView.swift */,
			);
			path = Views;
			sourceTree = "<group>";
		};
		CF3950FB26FCD2A200395EE5 /* Model&Logic */ = {
			isa = PBXGroup;
			children = (
			);
			path = "Model&Logic";
			sourceTree = "<group>";
		};
		CF39510626FE109800395EE5 /* UIKit helpers */ = {
			isa = PBXGroup;
			children = (
				CF3950F626FCD21D00395EE5 /* ViewsFactory.swift */,
				CF39510426FE0E1400395EE5 /* NSLayoutConstraint+Extension.swift */,
			);
			path = "UIKit helpers";
			sourceTree = "<group>";
		};
/* End PBXGroup section */

/* Begin PBXNativeTarget section */
		CF3950D826FCC6A600395EE5 /* Onboarding&Login */ = {
			isa = PBXNativeTarget;
			buildConfigurationList = CF3950ED26FCC6A800395EE5 /* Build configuration list for PBXNativeTarget "Onboarding&Login" */;
			buildPhases = (
				CF3950D526FCC6A600395EE5 /* Sources */,
				CF3950D626FCC6A600395EE5 /* Frameworks */,
				CF3950D726FCC6A600395EE5 /* Resources */,
			);
			buildRules = (
			);
			dependencies = (
			);
			name = "Onboarding&Login";
			productName = "Onboarding&Login";
			productReference = CF3950D926FCC6A600395EE5 /* Onboarding&Login.app */;
			productType = "com.apple.product-type.application";
		};
/* End PBXNativeTarget section */

/* Begin PBXProject section */
		CF3950D126FCC6A600395EE5 /* Project object */ = {
			isa = PBXProject;
			attributes = {
				BuildIndependentTargetsInParallel = 1;
				LastSwiftUpdateCheck = 1300;
				LastUpgradeCheck = 1300;
				TargetAttributes = {
					CF3950D826FCC6A600395EE5 = {
						CreatedOnToolsVersion = 13.0;
					};
				};
			};
			buildConfigurationList = CF3950D426FCC6A600395EE5 /* Build configuration list for PBXProject "Onboarding&Login" */;
			compatibilityVersion = "Xcode 13.0";
			developmentRegion = en;
			hasScannedForEncodings = 0;
			knownRegions = (
				en,
				Base,
			);
			mainGroup = CF3950D026FCC6A600395EE5;
			productRefGroup = CF3950DA26FCC6A600395EE5 /* Products */;
			projectDirPath = "";
			projectRoot = "";
			targets = (
				CF3950D826FCC6A600395EE5 /* Onboarding&Login */,
			);
		};
/* End PBXProject section */

/* Begin PBXResourcesBuildPhase section */
		CF3950D726FCC6A600395EE5 /* Resources */ = {
			isa = PBXResourcesBuildPhase;
			buildActionMask = 2147483647;
			files = (
				CF3950E926FCC6A800395EE5 /* LaunchScreen.storyboard in Resources */,
				CF3950E626FCC6A800395EE5 /* Assets.xcassets in Resources */,
			);
			runOnlyForDeploymentPostprocessing = 0;
		};
/* End PBXResourcesBuildPhase section */

/* Begin PBXSourcesBuildPhase section */
		CF3950D526FCC6A600395EE5 /* Sources */ = {
			isa = PBXSourcesBuildPhase;
			buildActionMask = 2147483647;
			files = (
				CF3950F126FCC72B00395EE5 /* Coordinator.swift in Sources */,
				CF3950E126FCC6A600395EE5 /* OnboardingViewController.swift in Sources */,
				CF3950DD26FCC6A600395EE5 /* AppDelegate.swift in Sources */,
				CFB4407B2701C8280026B4FB /* LoginView.swift in Sources */,
				CFB440792701B5870026B4FB /* CoordinatableViewControllerWithCustomView.swift in Sources */,
				CF39510526FE0E1400395EE5 /* NSLayoutConstraint+Extension.swift in Sources */,
				CF39510826FE10D000395EE5 /* SignupView.swift in Sources */,
				CF3950F526FCCF0900395EE5 /* SignupController.swift in Sources */,
				CFB440752701AB9B0026B4FB /* CustomView.swift in Sources */,
				CF3950F326FCCEDD00395EE5 /* LoginViewController.swift in Sources */,
				CF3950F726FCD21D00395EE5 /* ViewsFactory.swift in Sources */,
				CF3950DF26FCC6A600395EE5 /* SceneDelegate.swift in Sources */,
			);
			runOnlyForDeploymentPostprocessing = 0;
		};
/* End PBXSourcesBuildPhase section */

/* Begin PBXVariantGroup section */
		CF3950E726FCC6A800395EE5 /* LaunchScreen.storyboard */ = {
			isa = PBXVariantGroup;
			children = (
				CF3950E826FCC6A800395EE5 /* Base */,
			);
			name = LaunchScreen.storyboard;
			sourceTree = "<group>";
		};
/* End PBXVariantGroup section */

/* Begin XCBuildConfiguration section */
		CF3950EB26FCC6A800395EE5 /* Debug */ = {
			isa = XCBuildConfiguration;
			buildSettings = {
				ALWAYS_SEARCH_USER_PATHS = NO;
				CLANG_ANALYZER_NONNULL = YES;
				CLANG_ANALYZER_NUMBER_OBJECT_CONVERSION = YES_AGGRESSIVE;
				CLANG_CXX_LANGUAGE_STANDARD = "gnu++17";
				CLANG_CXX_LIBRARY = "libc++";
				CLANG_ENABLE_MODULES = YES;
				CLANG_ENABLE_OBJC_ARC = YES;
				CLANG_ENABLE_OBJC_WEAK = YES;
				CLANG_WARN_BLOCK_CAPTURE_AUTORELEASING = YES;
				CLANG_WARN_BOOL_CONVERSION = YES;
				CLANG_WARN_COMMA = YES;
				CLANG_WARN_CONSTANT_CONVERSION = YES;
				CLANG_WARN_DEPRECATED_OBJC_IMPLEMENTATIONS = YES;
				CLANG_WARN_DIRECT_OBJC_ISA_USAGE = YES_ERROR;
				CLANG_WARN_DOCUMENTATION_COMMENTS = YES;
				CLANG_WARN_EMPTY_BODY = YES;
				CLANG_WARN_ENUM_CONVERSION = YES;
				CLANG_WARN_INFINITE_RECURSION = YES;
				CLANG_WARN_INT_CONVERSION = YES;
				CLANG_WARN_NON_LITERAL_NULL_CONVERSION = YES;
				CLANG_WARN_OBJC_IMPLICIT_RETAIN_SELF = YES;
				CLANG_WARN_OBJC_LITERAL_CONVERSION = YES;
				CLANG_WARN_OBJC_ROOT_CLASS = YES_ERROR;
				CLANG_WARN_QUOTED_INCLUDE_IN_FRAMEWORK_HEADER = YES;
				CLANG_WARN_RANGE_LOOP_ANALYSIS = YES;
				CLANG_WARN_STRICT_PROTOTYPES = YES;
				CLANG_WARN_SUSPICIOUS_MOVE = YES;
				CLANG_WARN_UNGUARDED_AVAILABILITY = YES_AGGRESSIVE;
				CLANG_WARN_UNREACHABLE_CODE = YES;
				CLANG_WARN__DUPLICATE_METHOD_MATCH = YES;
				COPY_PHASE_STRIP = NO;
				DEBUG_INFORMATION_FORMAT = dwarf;
				ENABLE_STRICT_OBJC_MSGSEND = YES;
				ENABLE_TESTABILITY = YES;
				GCC_C_LANGUAGE_STANDARD = gnu11;
				GCC_DYNAMIC_NO_PIC = NO;
				GCC_NO_COMMON_BLOCKS = YES;
				GCC_OPTIMIZATION_LEVEL = 0;
				GCC_PREPROCESSOR_DEFINITIONS = (
					"DEBUG=1",
					"$(inherited)",
				);
				GCC_WARN_64_TO_32_BIT_CONVERSION = YES;
				GCC_WARN_ABOUT_RETURN_TYPE = YES_ERROR;
				GCC_WARN_UNDECLARED_SELECTOR = YES;
				GCC_WARN_UNINITIALIZED_AUTOS = YES_AGGRESSIVE;
				GCC_WARN_UNUSED_FUNCTION = YES;
				GCC_WARN_UNUSED_VARIABLE = YES;
				IPHONEOS_DEPLOYMENT_TARGET = 15.0;
				MTL_ENABLE_DEBUG_INFO = INCLUDE_SOURCE;
				MTL_FAST_MATH = YES;
				ONLY_ACTIVE_ARCH = YES;
				SDKROOT = iphoneos;
				SWIFT_ACTIVE_COMPILATION_CONDITIONS = DEBUG;
				SWIFT_OPTIMIZATION_LEVEL = "-Onone";
			};
			name = Debug;
		};
		CF3950EC26FCC6A800395EE5 /* Release */ = {
			isa = XCBuildConfiguration;
			buildSettings = {
				ALWAYS_SEARCH_USER_PATHS = NO;
				CLANG_ANALYZER_NONNULL = YES;
				CLANG_ANALYZER_NUMBER_OBJECT_CONVERSION = YES_AGGRESSIVE;
				CLANG_CXX_LANGUAGE_STANDARD = "gnu++17";
				CLANG_CXX_LIBRARY = "libc++";
				CLANG_ENABLE_MODULES = YES;
				CLANG_ENABLE_OBJC_ARC = YES;
				CLANG_ENABLE_OBJC_WEAK = YES;
				CLANG_WARN_BLOCK_CAPTURE_AUTORELEASING = YES;
				CLANG_WARN_BOOL_CONVERSION = YES;
				CLANG_WARN_COMMA = YES;
				CLANG_WARN_CONSTANT_CONVERSION = YES;
				CLANG_WARN_DEPRECATED_OBJC_IMPLEMENTATIONS = YES;
				CLANG_WARN_DIRECT_OBJC_ISA_USAGE = YES_ERROR;
				CLANG_WARN_DOCUMENTATION_COMMENTS = YES;
				CLANG_WARN_EMPTY_BODY = YES;
				CLANG_WARN_ENUM_CONVERSION = YES;
				CLANG_WARN_INFINITE_RECURSION = YES;
				CLANG_WARN_INT_CONVERSION = YES;
				CLANG_WARN_NON_LITERAL_NULL_CONVERSION = YES;
				CLANG_WARN_OBJC_IMPLICIT_RETAIN_SELF = YES;
				CLANG_WARN_OBJC_LITERAL_CONVERSION = YES;
				CLANG_WARN_OBJC_ROOT_CLASS = YES_ERROR;
				CLANG_WARN_QUOTED_INCLUDE_IN_FRAMEWORK_HEADER = YES;
				CLANG_WARN_RANGE_LOOP_ANALYSIS = YES;
				CLANG_WARN_STRICT_PROTOTYPES = YES;
				CLANG_WARN_SUSPICIOUS_MOVE = YES;
				CLANG_WARN_UNGUARDED_AVAILABILITY = YES_AGGRESSIVE;
				CLANG_WARN_UNREACHABLE_CODE = YES;
				CLANG_WARN__DUPLICATE_METHOD_MATCH = YES;
				COPY_PHASE_STRIP = NO;
				DEBUG_INFORMATION_FORMAT = "dwarf-with-dsym";
				ENABLE_NS_ASSERTIONS = NO;
				ENABLE_STRICT_OBJC_MSGSEND = YES;
				GCC_C_LANGUAGE_STANDARD = gnu11;
				GCC_NO_COMMON_BLOCKS = YES;
				GCC_WARN_64_TO_32_BIT_CONVERSION = YES;
				GCC_WARN_ABOUT_RETURN_TYPE = YES_ERROR;
				GCC_WARN_UNDECLARED_SELECTOR = YES;
				GCC_WARN_UNINITIALIZED_AUTOS = YES_AGGRESSIVE;
				GCC_WARN_UNUSED_FUNCTION = YES;
				GCC_WARN_UNUSED_VARIABLE = YES;
				IPHONEOS_DEPLOYMENT_TARGET = 15.0;
				MTL_ENABLE_DEBUG_INFO = NO;
				MTL_FAST_MATH = YES;
				SDKROOT = iphoneos;
				SWIFT_COMPILATION_MODE = wholemodule;
				SWIFT_OPTIMIZATION_LEVEL = "-O";
				VALIDATE_PRODUCT = YES;
			};
			name = Release;
		};
		CF3950EE26FCC6A800395EE5 /* Debug */ = {
			isa = XCBuildConfiguration;
			buildSettings = {
				ASSETCATALOG_COMPILER_APPICON_NAME = AppIcon;
				ASSETCATALOG_COMPILER_GLOBAL_ACCENT_COLOR_NAME = AccentColor;
				CODE_SIGN_STYLE = Automatic;
				CURRENT_PROJECT_VERSION = 1;
				DEVELOPMENT_TEAM = YLBX7YJ47Z;
				GENERATE_INFOPLIST_FILE = YES;
				INFOPLIST_FILE = "Onboarding&Login/Info.plist";
				INFOPLIST_KEY_UIApplicationSupportsIndirectInputEvents = YES;
				INFOPLIST_KEY_UILaunchStoryboardName = LaunchScreen;
				INFOPLIST_KEY_UISupportedInterfaceOrientations_iPad = "UIInterfaceOrientationPortrait UIInterfaceOrientationPortraitUpsideDown UIInterfaceOrientationLandscapeLeft UIInterfaceOrientationLandscapeRight";
				INFOPLIST_KEY_UISupportedInterfaceOrientations_iPhone = "UIInterfaceOrientationPortrait UIInterfaceOrientationLandscapeLeft UIInterfaceOrientationLandscapeRight";
				LD_RUNPATH_SEARCH_PATHS = (
					"$(inherited)",
					"@executable_path/Frameworks",
				);
				MARKETING_VERSION = 1.0;
				PRODUCT_BUNDLE_IDENTIFIER = "com.goldena.Onboarding-Login";
				PRODUCT_NAME = "$(TARGET_NAME)";
				SWIFT_EMIT_LOC_STRINGS = YES;
				SWIFT_VERSION = 5.0;
				TARGETED_DEVICE_FAMILY = "1,2";
			};
			name = Debug;
		};
		CF3950EF26FCC6A800395EE5 /* Release */ = {
			isa = XCBuildConfiguration;
			buildSettings = {
				ASSETCATALOG_COMPILER_APPICON_NAME = AppIcon;
				ASSETCATALOG_COMPILER_GLOBAL_ACCENT_COLOR_NAME = AccentColor;
				CODE_SIGN_STYLE = Automatic;
				CURRENT_PROJECT_VERSION = 1;
				DEVELOPMENT_TEAM = YLBX7YJ47Z;
				GENERATE_INFOPLIST_FILE = YES;
				INFOPLIST_FILE = "Onboarding&Login/Info.plist";
				INFOPLIST_KEY_UIApplicationSupportsIndirectInputEvents = YES;
				INFOPLIST_KEY_UILaunchStoryboardName = LaunchScreen;
				INFOPLIST_KEY_UISupportedInterfaceOrientations_iPad = "UIInterfaceOrientationPortrait UIInterfaceOrientationPortraitUpsideDown UIInterfaceOrientationLandscapeLeft UIInterfaceOrientationLandscapeRight";
				INFOPLIST_KEY_UISupportedInterfaceOrientations_iPhone = "UIInterfaceOrientationPortrait UIInterfaceOrientationLandscapeLeft UIInterfaceOrientationLandscapeRight";
				LD_RUNPATH_SEARCH_PATHS = (
					"$(inherited)",
					"@executable_path/Frameworks",
				);
				MARKETING_VERSION = 1.0;
				PRODUCT_BUNDLE_IDENTIFIER = "com.goldena.Onboarding-Login";
				PRODUCT_NAME = "$(TARGET_NAME)";
				SWIFT_EMIT_LOC_STRINGS = YES;
				SWIFT_VERSION = 5.0;
				TARGETED_DEVICE_FAMILY = "1,2";
			};
			name = Release;
		};
/* End XCBuildConfiguration section */

/* Begin XCConfigurationList section */
		CF3950D426FCC6A600395EE5 /* Build configuration list for PBXProject "Onboarding&Login" */ = {
			isa = XCConfigurationList;
			buildConfigurations = (
				CF3950EB26FCC6A800395EE5 /* Debug */,
				CF3950EC26FCC6A800395EE5 /* Release */,
			);
			defaultConfigurationIsVisible = 0;
			defaultConfigurationName = Release;
		};
		CF3950ED26FCC6A800395EE5 /* Build configuration list for PBXNativeTarget "Onboarding&Login" */ = {
			isa = XCConfigurationList;
			buildConfigurations = (
				CF3950EE26FCC6A800395EE5 /* Debug */,
				CF3950EF26FCC6A800395EE5 /* Release */,
			);
			defaultConfigurationIsVisible = 0;
			defaultConfigurationName = Release;
		};
/* End XCConfigurationList section */
	};
	rootObject = CF3950D126FCC6A600395EE5 /* Project object */;
}
